PODS:
  - AFNetworking (2.2.3):
    - AFNetworking/NSURLConnection (= 2.2.3)
    - AFNetworking/NSURLSession (= 2.2.3)
    - AFNetworking/Reachability (= 2.2.3)
    - AFNetworking/Security (= 2.2.3)
    - AFNetworking/Serialization (= 2.2.3)
    - AFNetworking/UIKit (= 2.2.3)
  - AFNetworking/NSURLConnection (2.2.3):
    - AFNetworking/Reachability
    - AFNetworking/Security
    - AFNetworking/Serialization
  - AFNetworking/NSURLSession (2.2.3):
    - AFNetworking/NSURLConnection
  - AFNetworking/Reachability (2.2.3)
  - AFNetworking/Security (2.2.3)
  - AFNetworking/Serialization (2.2.3)
  - AFNetworking/UIKit (2.2.3):
    - AFNetworking/NSURLConnection
    - AFNetworking/NSURLSession
  - SVProgressHUD (1.0)
  - TestFlightSDK (3.0.0)
  - UIBezierPathSerialization (1.0.0)
  - UIView+Positioning (1.0)

DEPENDENCIES:
  - AFNetworking (~> 2.2)
  - SVProgressHUD (~> 1.0)
  - TestFlightSDK (~> 3.0)
  - UIBezierPathSerialization (~> 1.0)
  - UIView+Positioning (~> 1.0)

SPEC CHECKSUMS:
  AFNetworking: 47947303319594706f48a55185ea95a95159ab94
  SVProgressHUD: 5034c6e22b8c2ca3e09402e48d41ed0340aa1c50
  TestFlightSDK: 36b8a207c5a119a3144aa2e6d24973eb9d5e0d0a
  UIBezierPathSerialization: 2a790dd5e76848e0829cd064714deba263f76c6c
  UIView+Positioning: c0331b588a91e5868c8da73d6b57f26dcf0ee3a0

COCOAPODS: 0.35.0
