PODS:
  - HRCoder (1.3.2)
  - SVProgressHUD (1.0)
  - UIBezierPathSerialization (1.0.0)
  - UIView+Positioning (1.0)

DEPENDENCIES:
  - HRCoder (~> 1.3)
  - SVProgressHUD (~> 1.0)
  - UIBezierPathSerialization (~> 1.0)
  - UIView+Positioning (~> 1.0)

SPEC CHECKSUMS:
  HRCoder: 492f8e2e0b69b54842564d4bbeb1c0e151d4f95f
  SVProgressHUD: 5034c6e22b8c2ca3e09402e48d41ed0340aa1c50
  UIBezierPathSerialization: 2a790dd5e76848e0829cd064714deba263f76c6c
  UIView+Positioning: c0331b588a91e5868c8da73d6b57f26dcf0ee3a0

COCOAPODS: 0.35.0
